
Microsoft Visual Studio Solution File, Format Version 12.00
# Visual Studio Version 17
VisualStudioVersion = 17.5.33627.172
MinimumVisualStudioVersion = 10.0.40219.1
Project("{9A19103F-16F7-4668-BE54-9A1E7A4F7556}") = "BookShop", "BookShop\BookShop.csproj", "{2352EA17-7C06-4123-A0AB-F92662A30961}"
EndProject
Global
	GlobalSection(SolutionConfigurationPlatforms) = preSolution
		Debug|Any CPU = Debug|Any CPU
		Release|Any CPU = Release|Any CPU
	EndGlobalSection
	GlobalSection(ProjectConfigurationPlatforms) = postSolution
		{2352EA17-7C06-4123-A0AB-F92662A30961}.Debug|Any CPU.ActiveCfg = Debug|Any CPU
		{2352EA17-7C06-4123-A0AB-F92662A30961}.Debug|Any CPU.Build.0 = Debug|Any CPU
		{2352EA17-7C06-4123-A0AB-F92662A30961}.Release|Any CPU.ActiveCfg = Release|Any CPU
		{2352EA17-7C06-4123-A0AB-F92662A30961}.Release|Any CPU.Build.0 = Release|Any CPU
	EndGlobalSection
	GlobalSection(SolutionProperties) = preSolution
		HideSolutionNode = FALSE
	EndGlobalSection
	GlobalSection(ExtensibilityGlobals) = postSolution
		SolutionGuid = {4D59EF03-9EEB-420E-A711-10B8F75B08B7}
	EndGlobalSection
EndGlobal
